// !$*UTF8*$!
{
	archiveVersion = 1;
	classes = {
	};
	objectVersion = 46;
	objects = {

/* Begin PBXBuildFile section */
		2FA427D1161FDD7300C7353F /* UIKit.framework in Frameworks */ = {isa = PBXBuildFile; fileRef = 2FA427D0161FDD7300C7353F /* UIKit.framework */; };
		2FA427D3161FDD7300C7353F /* Foundation.framework in Frameworks */ = {isa = PBXBuildFile; fileRef = 2FA427D2161FDD7300C7353F /* Foundation.framework */; };
		2FA427D5161FDD7300C7353F /* CoreGraphics.framework in Frameworks */ = {isa = PBXBuildFile; fileRef = 2FA427D4161FDD7300C7353F /* CoreGraphics.framework */; };
		2FA427DB161FDD7300C7353F /* InfoPlist.strings in Resources */ = {isa = PBXBuildFile; fileRef = 2FA427D9161FDD7300C7353F /* InfoPlist.strings */; };
		2FA427DD161FDD7300C7353F /* main.m in Sources */ = {isa = PBXBuildFile; fileRef = 2FA427DC161FDD7300C7353F /* main.m */; };
		2FA427E1161FDD7300C7353F /* CTAppDelegate.m in Sources */ = {isa = PBXBuildFile; fileRef = 2FA427E0161FDD7300C7353F /* CTAppDelegate.m */; };
		2FA427E3161FDD7300C7353F /* Default.png in Resources */ = {isa = PBXBuildFile; fileRef = 2FA427E2161FDD7300C7353F /* Default.png */; };
		2FA427E5161FDD7300C7353F /* Default@2x.png in Resources */ = {isa = PBXBuildFile; fileRef = 2FA427E4161FDD7300C7353F /* Default@2x.png */; };
		2FA427E7161FDD7300C7353F /* Default-568h@2x.png in Resources */ = {isa = PBXBuildFile; fileRef = 2FA427E6161FDD7300C7353F /* Default-568h@2x.png */; };
		2FA427EA161FDD7300C7353F /* MainStoryboard.storyboard in Resources */ = {isa = PBXBuildFile; fileRef = 2FA427E8161FDD7300C7353F /* MainStoryboard.storyboard */; };
		2FA427ED161FDD7300C7353F /* CTViewController.m in Sources */ = {isa = PBXBuildFile; fileRef = 2FA427EC161FDD7300C7353F /* CTViewController.m */; };
		2FA427F5161FDD7300C7353F /* SenTestingKit.framework in Frameworks */ = {isa = PBXBuildFile; fileRef = 2FA427F4161FDD7300C7353F /* SenTestingKit.framework */; };
		2FA427F6161FDD7300C7353F /* UIKit.framework in Frameworks */ = {isa = PBXBuildFile; fileRef = 2FA427D0161FDD7300C7353F /* UIKit.framework */; };
		2FA427F7161FDD7300C7353F /* Foundation.framework in Frameworks */ = {isa = PBXBuildFile; fileRef = 2FA427D2161FDD7300C7353F /* Foundation.framework */; };
		2FA427FF161FDD7300C7353F /* InfoPlist.strings in Resources */ = {isa = PBXBuildFile; fileRef = 2FA427FD161FDD7300C7353F /* InfoPlist.strings */; };
		2FA42802161FDD7300C7353F /* CalTestTests.m in Sources */ = {isa = PBXBuildFile; fileRef = 2FA42801161FDD7300C7353F /* CalTestTests.m */; };
/* End PBXBuildFile section */

/* Begin PBXContainerItemProxy section */
		2FA427F8161FDD7300C7353F /* PBXContainerItemProxy */ = {
			isa = PBXContainerItemProxy;
			containerPortal = 2FA427C3161FDD7300C7353F /* Project object */;
			proxyType = 1;
			remoteGlobalIDString = 2FA427CB161FDD7300C7353F;
			remoteInfo = CalTest;
		};
/* End PBXContainerItemProxy section */

/* Begin PBXFileReference section */
		2FA427CC161FDD7300C7353F /* CalTest.app */ = {isa = PBXFileReference; explicitFileType = wrapper.application; includeInIndex = 0; path = CalTest.app; sourceTree = BUILT_PRODUCTS_DIR; };
		2FA427D0161FDD7300C7353F /* UIKit.framework */ = {isa = PBXFileReference; lastKnownFileType = wrapper.framework; name = UIKit.framework; path = System/Library/Frameworks/UIKit.framework; sourceTree = SDKROOT; };
		2FA427D2161FDD7300C7353F /* Foundation.framework */ = {isa = PBXFileReference; lastKnownFileType = wrapper.framework; name = Foundation.framework; path = System/Library/Frameworks/Foundation.framework; sourceTree = SDKROOT; };
		2FA427D4161FDD7300C7353F /* CoreGraphics.framework */ = {isa = PBXFileReference; lastKnownFileType = wrapper.framework; name = CoreGraphics.framework; path = System/Library/Frameworks/CoreGraphics.framework; sourceTree = SDKROOT; };
		2FA427D8161FDD7300C7353F /* CalTest-Info.plist */ = {isa = PBXFileReference; lastKnownFileType = text.plist.xml; path = "CalTest-Info.plist"; sourceTree = "<group>"; };
		2FA427DA161FDD7300C7353F /* en */ = {isa = PBXFileReference; lastKnownFileType = text.plist.strings; name = en; path = en.lproj/InfoPlist.strings; sourceTree = "<group>"; };
		2FA427DC161FDD7300C7353F /* main.m */ = {isa = PBXFileReference; lastKnownFileType = sourcecode.c.objc; path = main.m; sourceTree = "<group>"; };
		2FA427DE161FDD7300C7353F /* CalTest-Prefix.pch */ = {isa = PBXFileReference; lastKnownFileType = sourcecode.c.h; path = "CalTest-Prefix.pch"; sourceTree = "<group>"; };
		2FA427DF161FDD7300C7353F /* CTAppDelegate.h */ = {isa = PBXFileReference; lastKnownFileType = sourcecode.c.h; path = CTAppDelegate.h; sourceTree = "<group>"; };
		2FA427E0161FDD7300C7353F /* CTAppDelegate.m */ = {isa = PBXFileReference; lastKnownFileType = sourcecode.c.objc; path = CTAppDelegate.m; sourceTree = "<group>"; };
		2FA427E2161FDD7300C7353F /* Default.png */ = {isa = PBXFileReference; lastKnownFileType = image.png; path = Default.png; sourceTree = "<group>"; };
		2FA427E4161FDD7300C7353F /* Default@2x.png */ = {isa = PBXFileReference; lastKnownFileType = image.png; path = "Default@2x.png"; sourceTree = "<group>"; };
		2FA427E6161FDD7300C7353F /* Default-568h@2x.png */ = {isa = PBXFileReference; lastKnownFileType = image.png; path = "Default-568h@2x.png"; sourceTree = "<group>"; };
		2FA427E9161FDD7300C7353F /* en */ = {isa = PBXFileReference; lastKnownFileType = file.storyboard; name = en; path = en.lproj/MainStoryboard.storyboard; sourceTree = "<group>"; };
		2FA427EB161FDD7300C7353F /* CTViewController.h */ = {isa = PBXFileReference; lastKnownFileType = sourcecode.c.h; path = CTViewController.h; sourceTree = "<group>"; };
		2FA427EC161FDD7300C7353F /* CTViewController.m */ = {isa = PBXFileReference; lastKnownFileType = sourcecode.c.objc; path = CTViewController.m; sourceTree = "<group>"; };
		2FA427F3161FDD7300C7353F /* CalTestTests.octest */ = {isa = PBXFileReference; explicitFileType = wrapper.cfbundle; includeInIndex = 0; path = CalTestTests.octest; sourceTree = BUILT_PRODUCTS_DIR; };
		2FA427F4161FDD7300C7353F /* SenTestingKit.framework */ = {isa = PBXFileReference; lastKnownFileType = wrapper.framework; name = SenTestingKit.framework; path = Library/Frameworks/SenTestingKit.framework; sourceTree = DEVELOPER_DIR; };
		2FA427FC161FDD7300C7353F /* CalTestTests-Info.plist */ = {isa = PBXFileReference; lastKnownFileType = text.plist.xml; path = "CalTestTests-Info.plist"; sourceTree = "<group>"; };
		2FA427FE161FDD7300C7353F /* en */ = {isa = PBXFileReference; lastKnownFileType = text.plist.strings; name = en; path = en.lproj/InfoPlist.strings; sourceTree = "<group>"; };
		2FA42800161FDD7300C7353F /* CalTestTests.h */ = {isa = PBXFileReference; lastKnownFileType = sourcecode.c.h; path = CalTestTests.h; sourceTree = "<group>"; };
		2FA42801161FDD7300C7353F /* CalTestTests.m */ = {isa = PBXFileReference; lastKnownFileType = sourcecode.c.objc; path = CalTestTests.m; sourceTree = "<group>"; };
/* End PBXFileReference section */

/* Begin PBXFrameworksBuildPhase section */
		2FA427C9161FDD7300C7353F /* Frameworks */ = {
			isa = PBXFrameworksBuildPhase;
			buildActionMask = 2147483647;
			files = (
				2FA427D1161FDD7300C7353F /* UIKit.framework in Frameworks */,
				2FA427D3161FDD7300C7353F /* Foundation.framework in Frameworks */,
				2FA427D5161FDD7300C7353F /* CoreGraphics.framework in Frameworks */,
			);
			runOnlyForDeploymentPostprocessing = 0;
		};
		2FA427EF161FDD7300C7353F /* Frameworks */ = {
			isa = PBXFrameworksBuildPhase;
			buildActionMask = 2147483647;
			files = (
				2FA427F5161FDD7300C7353F /* SenTestingKit.framework in Frameworks */,
				2FA427F6161FDD7300C7353F /* UIKit.framework in Frameworks */,
				2FA427F7161FDD7300C7353F /* Foundation.framework in Frameworks */,
			);
			runOnlyForDeploymentPostprocessing = 0;
		};
/* End PBXFrameworksBuildPhase section */

/* Begin PBXGroup section */
		2FA427C1161FDD7300C7353F = {
			isa = PBXGroup;
			children = (
				2FA427D6161FDD7300C7353F /* CalTest */,
				2FA427FA161FDD7300C7353F /* CalTestTests */,
				2FA427CF161FDD7300C7353F /* Frameworks */,
				2FA427CD161FDD7300C7353F /* Products */,
			);
			sourceTree = "<group>";
		};
		2FA427CD161FDD7300C7353F /* Products */ = {
			isa = PBXGroup;
			children = (
				2FA427CC161FDD7300C7353F /* CalTest.app */,
				2FA427F3161FDD7300C7353F /* CalTestTests.octest */,
			);
			name = Products;
			sourceTree = "<group>";
		};
		2FA427CF161FDD7300C7353F /* Frameworks */ = {
			isa = PBXGroup;
			children = (
				2FA427D0161FDD7300C7353F /* UIKit.framework */,
				2FA427D2161FDD7300C7353F /* Foundation.framework */,
				2FA427D4161FDD7300C7353F /* CoreGraphics.framework */,
				2FA427F4161FDD7300C7353F /* SenTestingKit.framework */,
			);
			name = Frameworks;
			sourceTree = "<group>";
		};
		2FA427D6161FDD7300C7353F /* CalTest */ = {
			isa = PBXGroup;
			children = (
				2FA427DF161FDD7300C7353F /* CTAppDelegate.h */,
				2FA427E0161FDD7300C7353F /* CTAppDelegate.m */,
				2FA427E8161FDD7300C7353F /* MainStoryboard.storyboard */,
				2FA427EB161FDD7300C7353F /* CTViewController.h */,
				2FA427EC161FDD7300C7353F /* CTViewController.m */,
				2FA427D7161FDD7300C7353F /* Supporting Files */,
			);
			path = CalTest;
			sourceTree = "<group>";
		};
		2FA427D7161FDD7300C7353F /* Supporting Files */ = {
			isa = PBXGroup;
			children = (
				2FA427D8161FDD7300C7353F /* CalTest-Info.plist */,
				2FA427D9161FDD7300C7353F /* InfoPlist.strings */,
				2FA427DC161FDD7300C7353F /* main.m */,
				2FA427DE161FDD7300C7353F /* CalTest-Prefix.pch */,
				2FA427E2161FDD7300C7353F /* Default.png */,
				2FA427E4161FDD7300C7353F /* Default@2x.png */,
				2FA427E6161FDD7300C7353F /* Default-568h@2x.png */,
			);
			name = "Supporting Files";
			sourceTree = "<group>";
		};
		2FA427FA161FDD7300C7353F /* CalTestTests */ = {
			isa = PBXGroup;
			children = (
				2FA42800161FDD7300C7353F /* CalTestTests.h */,
				2FA42801161FDD7300C7353F /* CalTestTests.m */,
				2FA427FB161FDD7300C7353F /* Supporting Files */,
			);
			path = CalTestTests;
			sourceTree = "<group>";
		};
		2FA427FB161FDD7300C7353F /* Supporting Files */ = {
			isa = PBXGroup;
			children = (
				2FA427FC161FDD7300C7353F /* CalTestTests-Info.plist */,
				2FA427FD161FDD7300C7353F /* InfoPlist.strings */,
			);
			name = "Supporting Files";
			sourceTree = "<group>";
		};
/* End PBXGroup section */

/* Begin PBXNativeTarget section */
		2FA427CB161FDD7300C7353F /* CalTest */ = {
			isa = PBXNativeTarget;
			buildConfigurationList = 2FA42805161FDD7300C7353F /* Build configuration list for PBXNativeTarget "CalTest" */;
			buildPhases = (
				2FA427C8161FDD7300C7353F /* Sources */,
				2FA427C9161FDD7300C7353F /* Frameworks */,
				2FA427CA161FDD7300C7353F /* Resources */,
			);
			buildRules = (
			);
			dependencies = (
			);
			name = CalTest;
			productName = CalTest;
			productReference = 2FA427CC161FDD7300C7353F /* CalTest.app */;
			productType = "com.apple.product-type.application";
		};
		2FA427F2161FDD7300C7353F /* CalTestTests */ = {
			isa = PBXNativeTarget;
			buildConfigurationList = 2FA42808161FDD7300C7353F /* Build configuration list for PBXNativeTarget "CalTestTests" */;
			buildPhases = (
				2FA427EE161FDD7300C7353F /* Sources */,
				2FA427EF161FDD7300C7353F /* Frameworks */,
				2FA427F0161FDD7300C7353F /* Resources */,
				2FA427F1161FDD7300C7353F /* ShellScript */,
			);
			buildRules = (
			);
			dependencies = (
				2FA427F9161FDD7300C7353F /* PBXTargetDependency */,
			);
			name = CalTestTests;
			productName = CalTestTests;
			productReference = 2FA427F3161FDD7300C7353F /* CalTestTests.octest */;
			productType = "com.apple.product-type.bundle";
		};
/* End PBXNativeTarget section */

/* Begin PBXProject section */
		2FA427C3161FDD7300C7353F /* Project object */ = {
			isa = PBXProject;
			attributes = {
				CLASSPREFIX = CT;
				LastUpgradeCheck = 0450;
				ORGANIZATIONNAME = "Angelito Evangelista";
			};
			buildConfigurationList = 2FA427C6161FDD7300C7353F /* Build configuration list for PBXProject "CalTest" */;
			compatibilityVersion = "Xcode 3.2";
			developmentRegion = English;
			hasScannedForEncodings = 0;
			knownRegions = (
				en,
			);
			mainGroup = 2FA427C1161FDD7300C7353F;
			productRefGroup = 2FA427CD161FDD7300C7353F /* Products */;
			projectDirPath = "";
			projectRoot = "";
			targets = (
				2FA427CB161FDD7300C7353F /* CalTest */,
				2FA427F2161FDD7300C7353F /* CalTestTests */,
			);
		};
/* End PBXProject section */

/* Begin PBXResourcesBuildPhase section */
		2FA427CA161FDD7300C7353F /* Resources */ = {
			isa = PBXResourcesBuildPhase;
			buildActionMask = 2147483647;
			files = (
				2FA427DB161FDD7300C7353F /* InfoPlist.strings in Resources */,
				2FA427E3161FDD7300C7353F /* Default.png in Resources */,
				2FA427E5161FDD7300C7353F /* Default@2x.png in Resources */,
				2FA427E7161FDD7300C7353F /* Default-568h@2x.png in Resources */,
				2FA427EA161FDD7300C7353F /* MainStoryboard.storyboard in Resources */,
			);
			runOnlyForDeploymentPostprocessing = 0;
		};
		2FA427F0161FDD7300C7353F /* Resources */ = {
			isa = PBXResourcesBuildPhase;
			buildActionMask = 2147483647;
			files = (
				2FA427FF161FDD7300C7353F /* InfoPlist.strings in Resources */,
			);
			runOnlyForDeploymentPostprocessing = 0;
		};
/* End PBXResourcesBuildPhase section */

/* Begin PBXShellScriptBuildPhase section */
		2FA427F1161FDD7300C7353F /* ShellScript */ = {
			isa = PBXShellScriptBuildPhase;
			buildActionMask = 2147483647;
			files = (
			);
			inputPaths = (
			);
			outputPaths = (
			);
			runOnlyForDeploymentPostprocessing = 0;
			shellPath = /bin/sh;
			shellScript = "# Run the unit tests in this test bundle.\n\"${SYSTEM_DEVELOPER_DIR}/Tools/RunUnitTests\"\n";
		};
/* End PBXShellScriptBuildPhase section */

/* Begin PBXSourcesBuildPhase section */
		2FA427C8161FDD7300C7353F /* Sources */ = {
			isa = PBXSourcesBuildPhase;
			buildActionMask = 2147483647;
			files = (
				2FA427DD161FDD7300C7353F /* main.m in Sources */,
				2FA427E1161FDD7300C7353F /* CTAppDelegate.m in Sources */,
				2FA427ED161FDD7300C7353F /* CTViewController.m in Sources */,
			);
			runOnlyForDeploymentPostprocessing = 0;
		};
		2FA427EE161FDD7300C7353F /* Sources */ = {
			isa = PBXSourcesBuildPhase;
			buildActionMask = 2147483647;
			files = (
				2FA42802161FDD7300C7353F /* CalTestTests.m in Sources */,
			);
			runOnlyForDeploymentPostprocessing = 0;
		};
/* End PBXSourcesBuildPhase section */

/* Begin PBXTargetDependency section */
		2FA427F9161FDD7300C7353F /* PBXTargetDependency */ = {
			isa = PBXTargetDependency;
			target = 2FA427CB161FDD7300C7353F /* CalTest */;
			targetProxy = 2FA427F8161FDD7300C7353F /* PBXContainerItemProxy */;
		};
/* End PBXTargetDependency section */

/* Begin PBXVariantGroup section */
		2FA427D9161FDD7300C7353F /* InfoPlist.strings */ = {
			isa = PBXVariantGroup;
			children = (
				2FA427DA161FDD7300C7353F /* en */,
			);
			name = InfoPlist.strings;
			sourceTree = "<group>";
		};
		2FA427E8161FDD7300C7353F /* MainStoryboard.storyboard */ = {
			isa = PBXVariantGroup;
			children = (
				2FA427E9161FDD7300C7353F /* en */,
			);
			name = MainStoryboard.storyboard;
			sourceTree = "<group>";
		};
		2FA427FD161FDD7300C7353F /* InfoPlist.strings */ = {
			isa = PBXVariantGroup;
			children = (
				2FA427FE161FDD7300C7353F /* en */,
			);
			name = InfoPlist.strings;
			sourceTree = "<group>";
		};
/* End PBXVariantGroup section */

/* Begin XCBuildConfiguration section */
		2FA42803161FDD7300C7353F /* Debug */ = {
			isa = XCBuildConfiguration;
			buildSettings = {
				ALWAYS_SEARCH_USER_PATHS = NO;
				CLANG_CXX_LANGUAGE_STANDARD = "gnu++0x";
				CLANG_CXX_LIBRARY = "libc++";
				CLANG_ENABLE_OBJC_ARC = YES;
				CLANG_WARN_EMPTY_BODY = YES;
				CLANG_WARN__DUPLICATE_METHOD_MATCH = YES;
				"CODE_SIGN_IDENTITY[sdk=iphoneos*]" = "iPhone Developer";
				COPY_PHASE_STRIP = NO;
				GCC_C_LANGUAGE_STANDARD = gnu99;
				GCC_DYNAMIC_NO_PIC = NO;
				GCC_OPTIMIZATION_LEVEL = 0;
				GCC_PREPROCESSOR_DEFINITIONS = (
					"DEBUG=1",
					"$(inherited)",
				);
				GCC_SYMBOLS_PRIVATE_EXTERN = NO;
				GCC_WARN_ABOUT_RETURN_TYPE = YES;
				GCC_WARN_UNINITIALIZED_AUTOS = YES;
				GCC_WARN_UNUSED_VARIABLE = YES;
				IPHONEOS_DEPLOYMENT_TARGET = 6.0;
				SDKROOT = iphoneos;
			};
			name = Debug;
		};
		2FA42804161FDD7300C7353F /* Release */ = {
			isa = XCBuildConfiguration;
			buildSettings = {
				ALWAYS_SEARCH_USER_PATHS = NO;
				CLANG_CXX_LANGUAGE_STANDARD = "gnu++0x";
				CLANG_CXX_LIBRARY = "libc++";
				CLANG_ENABLE_OBJC_ARC = YES;
				CLANG_WARN_EMPTY_BODY = YES;
				CLANG_WARN__DUPLICATE_METHOD_MATCH = YES;
				"CODE_SIGN_IDENTITY[sdk=iphoneos*]" = "iPhone Developer";
				COPY_PHASE_STRIP = YES;
				GCC_C_LANGUAGE_STANDARD = gnu99;
				GCC_WARN_ABOUT_RETURN_TYPE = YES;
				GCC_WARN_UNINITIALIZED_AUTOS = YES;
				GCC_WARN_UNUSED_VARIABLE = YES;
				IPHONEOS_DEPLOYMENT_TARGET = 6.0;
				OTHER_CFLAGS = "-DNS_BLOCK_ASSERTIONS=1";
				SDKROOT = iphoneos;
				VALIDATE_PRODUCT = YES;
			};
			name = Release;
		};
		2FA42806161FDD7300C7353F /* Debug */ = {
			isa = XCBuildConfiguration;
			buildSettings = {
				GCC_PRECOMPILE_PREFIX_HEADER = YES;
				GCC_PREFIX_HEADER = "CalTest/CalTest-Prefix.pch";
				INFOPLIST_FILE = "CalTest/CalTest-Info.plist";
				PRODUCT_NAME = "$(TARGET_NAME)";
				WRAPPER_EXTENSION = app;
			};
			name = Debug;
		};
		2FA42807161FDD7300C7353F /* Release */ = {
			isa = XCBuildConfiguration;
			buildSettings = {
				GCC_PRECOMPILE_PREFIX_HEADER = YES;
				GCC_PREFIX_HEADER = "CalTest/CalTest-Prefix.pch";
				INFOPLIST_FILE = "CalTest/CalTest-Info.plist";
				PRODUCT_NAME = "$(TARGET_NAME)";
				WRAPPER_EXTENSION = app;
			};
			name = Release;
		};
		2FA42809161FDD7300C7353F /* Debug */ = {
			isa = XCBuildConfiguration;
			buildSettings = {
				BUNDLE_LOADER = "$(BUILT_PRODUCTS_DIR)/CalTest.app/CalTest";
				FRAMEWORK_SEARCH_PATHS = (
					"\"$(SDKROOT)/Developer/Library/Frameworks\"",
					"\"$(DEVELOPER_LIBRARY_DIR)/Frameworks\"",
				);
				GCC_PRECOMPILE_PREFIX_HEADER = YES;
				GCC_PREFIX_HEADER = "CalTest/CalTest-Prefix.pch";
				INFOPLIST_FILE = "CalTestTests/CalTestTests-Info.plist";
				PRODUCT_NAME = "$(TARGET_NAME)";
				TEST_HOST = "$(BUNDLE_LOADER)";
				WRAPPER_EXTENSION = octest;
			};
			name = Debug;
		};
		2FA4280A161FDD7300C7353F /* Release */ = {
			isa = XCBuildConfiguration;
			buildSettings = {
				BUNDLE_LOADER = "$(BUILT_PRODUCTS_DIR)/CalTest.app/CalTest";
				FRAMEWORK_SEARCH_PATHS = (
					"\"$(SDKROOT)/Developer/Library/Frameworks\"",
					"\"$(DEVELOPER_LIBRARY_DIR)/Frameworks\"",
				);
				GCC_PRECOMPILE_PREFIX_HEADER = YES;
				GCC_PREFIX_HEADER = "CalTest/CalTest-Prefix.pch";
				INFOPLIST_FILE = "CalTestTests/CalTestTests-Info.plist";
				PRODUCT_NAME = "$(TARGET_NAME)";
				TEST_HOST = "$(BUNDLE_LOADER)";
				WRAPPER_EXTENSION = octest;
			};
			name = Release;
		};
/* End XCBuildConfiguration section */

/* Begin XCConfigurationList section */
		2FA427C6161FDD7300C7353F /* Build configuration list for PBXProject "CalTest" */ = {
			isa = XCConfigurationList;
			buildConfigurations = (
				2FA42803161FDD7300C7353F /* Debug */,
				2FA42804161FDD7300C7353F /* Release */,
			);
			defaultConfigurationIsVisible = 0;
			defaultConfigurationName = Release;
		};
		2FA42805161FDD7300C7353F /* Build configuration list for PBXNativeTarget "CalTest" */ = {
			isa = XCConfigurationList;
			buildConfigurations = (
				2FA42806161FDD7300C7353F /* Debug */,
				2FA42807161FDD7300C7353F /* Release */,
			);
			defaultConfigurationIsVisible = 0;
		};
		2FA42808161FDD7300C7353F /* Build configuration list for PBXNativeTarget "CalTestTests" */ = {
			isa = XCConfigurationList;
			buildConfigurations = (
				2FA42809161FDD7300C7353F /* Debug */,
				2FA4280A161FDD7300C7353F /* Release */,
			);
			defaultConfigurationIsVisible = 0;
		};
/* End XCConfigurationList section */
	};
	rootObject = 2FA427C3161FDD7300C7353F /* Project object */;
}
